
Microsoft Visual Studio Solution File, Format Version 12.00
# Visual Studio 15
VisualStudioVersion = 15.0.28307.271
MinimumVisualStudioVersion = 10.0.40219.1
Project("{FAE04EC0-301F-11D3-BF4B-00C04F79EFBC}") = "FilteringEvents.Android", "FilteringEvents\FilteringEvents.Android\FilteringEvents.Android.csproj", "{93A49A20-0BAF-46E8-A8CE-8ACF6ABC3AD0}"
EndProject
Project("{FAE04EC0-301F-11D3-BF4B-00C04F79EFBC}") = "FilteringEvents.iOS", "FilteringEvents\FilteringEvents.iOS\FilteringEvents.iOS.csproj", "{28D111E9-F135-4804-851F-2F800E47A616}"
EndProject
Project("{FAE04EC0-301F-11D3-BF4B-00C04F79EFBC}") = "FilteringEvents.UWP", "FilteringEvents\FilteringEvents.UWP\FilteringEvents.UWP.csproj", "{BAC90BAD-D4BC-46E6-B7F4-5C5A10EB6743}"
EndProject
Project("{FAE04EC0-301F-11D3-BF4B-00C04F79EFBC}") = "FilteringEvents", "FilteringEvents\FilteringEvents\FilteringEvents.csproj", "{8AAB9494-981A-41F5-BB83-6D192533C3EC}"
EndProject
Global
	GlobalSection(SolutionConfigurationPlatforms) = preSolution
		Ad-Hoc|Any CPU = Ad-Hoc|Any CPU
		Ad-Hoc|ARM = Ad-Hoc|ARM
		Ad-Hoc|iPhone = Ad-Hoc|iPhone
		Ad-Hoc|iPhoneSimulator = Ad-Hoc|iPhoneSimulator
		Ad-Hoc|x64 = Ad-Hoc|x64
		Ad-Hoc|x86 = Ad-Hoc|x86
		AppStore|Any CPU = AppStore|Any CPU
		AppStore|ARM = AppStore|ARM
		AppStore|iPhone = AppStore|iPhone
		AppStore|iPhoneSimulator = AppStore|iPhoneSimulator
		AppStore|x64 = AppStore|x64
		AppStore|x86 = AppStore|x86
		Debug|Any CPU = Debug|Any CPU
		Debug|ARM = Debug|ARM
		Debug|iPhone = Debug|iPhone
		Debug|iPhoneSimulator = Debug|iPhoneSimulator
		Debug|x64 = Debug|x64
		Debug|x86 = Debug|x86
		Release|Any CPU = Release|Any CPU
		Release|ARM = Release|ARM
		Release|iPhone = Release|iPhone
		Release|iPhoneSimulator = Release|iPhoneSimulator
		Release|x64 = Release|x64
		Release|x86 = Release|x86
	EndGlobalSection
	GlobalSection(ProjectConfigurationPlatforms) = postSolution
		{93A49A20-0BAF-46E8-A8CE-8ACF6ABC3AD0}.Ad-Hoc|Any CPU.ActiveCfg = Release|Any CPU
		{93A49A20-0BAF-46E8-A8CE-8ACF6ABC3AD0}.Ad-Hoc|Any CPU.Build.0 = Release|Any CPU
		{93A49A20-0BAF-46E8-A8CE-8ACF6ABC3AD0}.Ad-Hoc|Any CPU.Deploy.0 = Release|Any CPU
		{93A49A20-0BAF-46E8-A8CE-8ACF6ABC3AD0}.Ad-Hoc|ARM.ActiveCfg = Release|Any CPU
		{93A49A20-0BAF-46E8-A8CE-8ACF6ABC3AD0}.Ad-Hoc|ARM.Build.0 = Release|Any CPU
		{93A49A20-0BAF-46E8-A8CE-8ACF6ABC3AD0}.Ad-Hoc|ARM.Deploy.0 = Release|Any CPU
		{93A49A20-0BAF-46E8-A8CE-8ACF6ABC3AD0}.Ad-Hoc|iPhone.ActiveCfg = Release|Any CPU
		{93A49A20-0BAF-46E8-A8CE-8ACF6ABC3AD0}.Ad-Hoc|iPhone.Build.0 = Release|Any CPU
		{93A49A20-0BAF-46E8-A8CE-8ACF6ABC3AD0}.Ad-Hoc|iPhone.Deploy.0 = Release|Any CPU
		{93A49A20-0BAF-46E8-A8CE-8ACF6ABC3AD0}.Ad-Hoc|iPhoneSimulator.ActiveCfg = Release|Any CPU
		{93A49A20-0BAF-46E8-A8CE-8ACF6ABC3AD0}.Ad-Hoc|iPhoneSimulator.Build.0 = Release|Any CPU
		{93A49A20-0BAF-46E8-A8CE-8ACF6ABC3AD0}.Ad-Hoc|iPhoneSimulator.Deploy.0 = Release|Any CPU
		{93A49A20-0BAF-46E8-A8CE-8ACF6ABC3AD0}.Ad-Hoc|x64.ActiveCfg = Release|Any CPU
		{93A49A20-0BAF-46E8-A8CE-8ACF6ABC3AD0}.Ad-Hoc|x64.Build.0 = Release|Any CPU
		{93A49A20-0BAF-46E8-A8CE-8ACF6ABC3AD0}.Ad-Hoc|x64.Deploy.0 = Release|Any CPU
		{93A49A20-0BAF-46E8-A8CE-8ACF6ABC3AD0}.Ad-Hoc|x86.ActiveCfg = Release|Any CPU
		{93A49A20-0BAF-46E8-A8CE-8ACF6ABC3AD0}.Ad-Hoc|x86.Build.0 = Release|Any CPU
		{93A49A20-0BAF-46E8-A8CE-8ACF6ABC3AD0}.Ad-Hoc|x86.Deploy.0 = Release|Any CPU
		{93A49A20-0BAF-46E8-A8CE-8ACF6ABC3AD0}.AppStore|Any CPU.ActiveCfg = Release|Any CPU
		{93A49A20-0BAF-46E8-A8CE-8ACF6ABC3AD0}.AppStore|Any CPU.Build.0 = Release|Any CPU
		{93A49A20-0BAF-46E8-A8CE-8ACF6ABC3AD0}.AppStore|Any CPU.Deploy.0 = Release|Any CPU
		{93A49A20-0BAF-46E8-A8CE-8ACF6ABC3AD0}.AppStore|ARM.ActiveCfg = Release|Any CPU
		{93A49A20-0BAF-46E8-A8CE-8ACF6ABC3AD0}.AppStore|ARM.Build.0 = Release|Any CPU
		{93A49A20-0BAF-46E8-A8CE-8ACF6ABC3AD0}.AppStore|ARM.Deploy.0 = Release|Any CPU
		{93A49A20-0BAF-46E8-A8CE-8ACF6ABC3AD0}.AppStore|iPhone.ActiveCfg = Release|Any CPU
		{93A49A20-0BAF-46E8-A8CE-8ACF6ABC3AD0}.AppStore|iPhone.Build.0 = Release|Any CPU
		{93A49A20-0BAF-46E8-A8CE-8ACF6ABC3AD0}.AppStore|iPhone.Deploy.0 = Release|Any CPU
		{93A49A20-0BAF-46E8-A8CE-8ACF6ABC3AD0}.AppStore|iPhoneSimulator.ActiveCfg = Release|Any CPU
		{93A49A20-0BAF-46E8-A8CE-8ACF6ABC3AD0}.AppStore|iPhoneSimulator.Build.0 = Release|Any CPU
		{93A49A20-0BAF-46E8-A8CE-8ACF6ABC3AD0}.AppStore|iPhoneSimulator.Deploy.0 = Release|Any CPU
		{93A49A20-0BAF-46E8-A8CE-8ACF6ABC3AD0}.AppStore|x64.ActiveCfg = Release|Any CPU
		{93A49A20-0BAF-46E8-A8CE-8ACF6ABC3AD0}.AppStore|x64.Build.0 = Release|Any CPU
		{93A49A20-0BAF-46E8-A8CE-8ACF6ABC3AD0}.AppStore|x64.Deploy.0 = Release|Any CPU
		{93A49A20-0BAF-46E8-A8CE-8ACF6ABC3AD0}.AppStore|x86.ActiveCfg = Release|Any CPU
		{93A49A20-0BAF-46E8-A8CE-8ACF6ABC3AD0}.AppStore|x86.Build.0 = Release|Any CPU
		{93A49A20-0BAF-46E8-A8CE-8ACF6ABC3AD0}.AppStore|x86.Deploy.0 = Release|Any CPU
		{93A49A20-0BAF-46E8-A8CE-8ACF6ABC3AD0}.Debug|Any CPU.ActiveCfg = Debug|Any CPU
		{93A49A20-0BAF-46E8-A8CE-8ACF6ABC3AD0}.Debug|Any CPU.Build.0 = Debug|Any CPU
		{93A49A20-0BAF-46E8-A8CE-8ACF6ABC3AD0}.Debug|Any CPU.Deploy.0 = Debug|Any CPU
		{93A49A20-0BAF-46E8-A8CE-8ACF6ABC3AD0}.Debug|ARM.ActiveCfg = Debug|Any CPU
		{93A49A20-0BAF-46E8-A8CE-8ACF6ABC3AD0}.Debug|ARM.Build.0 = Debug|Any CPU
		{93A49A20-0BAF-46E8-A8CE-8ACF6ABC3AD0}.Debug|ARM.Deploy.0 = Debug|Any CPU
		{93A49A20-0BAF-46E8-A8CE-8ACF6ABC3AD0}.Debug|iPhone.ActiveCfg = Debug|Any CPU
		{93A49A20-0BAF-46E8-A8CE-8ACF6ABC3AD0}.Debug|iPhone.Build.0 = Debug|Any CPU
		{93A49A20-0BAF-46E8-A8CE-8ACF6ABC3AD0}.Debug|iPhone.Deploy.0 = Debug|Any CPU
		{93A49A20-0BAF-46E8-A8CE-8ACF6ABC3AD0}.Debug|iPhoneSimulator.ActiveCfg = Debug|Any CPU
		{93A49A20-0BAF-46E8-A8CE-8ACF6ABC3AD0}.Debug|iPhoneSimulator.Build.0 = Debug|Any CPU
		{93A49A20-0BAF-46E8-A8CE-8ACF6ABC3AD0}.Debug|iPhoneSimulator.Deploy.0 = Debug|Any CPU
		{93A49A20-0BAF-46E8-A8CE-8ACF6ABC3AD0}.Debug|x64.ActiveCfg = Debug|Any CPU
		{93A49A20-0BAF-46E8-A8CE-8ACF6ABC3AD0}.Debug|x64.Build.0 = Debug|Any CPU
		{93A49A20-0BAF-46E8-A8CE-8ACF6ABC3AD0}.Debug|x64.Deploy.0 = Debug|Any CPU
		{93A49A20-0BAF-46E8-A8CE-8ACF6ABC3AD0}.Debug|x86.ActiveCfg = Debug|Any CPU
		{93A49A20-0BAF-46E8-A8CE-8ACF6ABC3AD0}.Debug|x86.Build.0 = Debug|Any CPU
		{93A49A20-0BAF-46E8-A8CE-8ACF6ABC3AD0}.Debug|x86.Deploy.0 = Debug|Any CPU
		{93A49A20-0BAF-46E8-A8CE-8ACF6ABC3AD0}.Release|Any CPU.ActiveCfg = Release|Any CPU
		{93A49A20-0BAF-46E8-A8CE-8ACF6ABC3AD0}.Release|Any CPU.Build.0 = Release|Any CPU
		{93A49A20-0BAF-46E8-A8CE-8ACF6ABC3AD0}.Release|Any CPU.Deploy.0 = Release|Any CPU
		{93A49A20-0BAF-46E8-A8CE-8ACF6ABC3AD0}.Release|ARM.ActiveCfg = Release|Any CPU
		{93A49A20-0BAF-46E8-A8CE-8ACF6ABC3AD0}.Release|ARM.Build.0 = Release|Any CPU
		{93A49A20-0BAF-46E8-A8CE-8ACF6ABC3AD0}.Release|ARM.Deploy.0 = Release|Any CPU
		{93A49A20-0BAF-46E8-A8CE-8ACF6ABC3AD0}.Release|iPhone.ActiveCfg = Release|Any CPU
		{93A49A20-0BAF-46E8-A8CE-8ACF6ABC3AD0}.Release|iPhone.Build.0 = Release|Any CPU
		{93A49A20-0BAF-46E8-A8CE-8ACF6ABC3AD0}.Release|iPhone.Deploy.0 = Release|Any CPU
		{93A49A20-0BAF-46E8-A8CE-8ACF6ABC3AD0}.Release|iPhoneSimulator.ActiveCfg = Release|Any CPU
		{93A49A20-0BAF-46E8-A8CE-8ACF6ABC3AD0}.Release|iPhoneSimulator.Build.0 = Release|Any CPU
		{93A49A20-0BAF-46E8-A8CE-8ACF6ABC3AD0}.Release|iPhoneSimulator.Deploy.0 = Release|Any CPU
		{93A49A20-0BAF-46E8-A8CE-8ACF6ABC3AD0}.Release|x64.ActiveCfg = Release|Any CPU
		{93A49A20-0BAF-46E8-A8CE-8ACF6ABC3AD0}.Release|x64.Build.0 = Release|Any CPU
		{93A49A20-0BAF-46E8-A8CE-8ACF6ABC3AD0}.Release|x64.Deploy.0 = Release|Any CPU
		{93A49A20-0BAF-46E8-A8CE-8ACF6ABC3AD0}.Release|x86.ActiveCfg = Release|Any CPU
		{93A49A20-0BAF-46E8-A8CE-8ACF6ABC3AD0}.Release|x86.Build.0 = Release|Any CPU
		{93A49A20-0BAF-46E8-A8CE-8ACF6ABC3AD0}.Release|x86.Deploy.0 = Release|Any CPU
		{28D111E9-F135-4804-851F-2F800E47A616}.Ad-Hoc|Any CPU.ActiveCfg = Ad-Hoc|iPhone
		{28D111E9-F135-4804-851F-2F800E47A616}.Ad-Hoc|Any CPU.Build.0 = Ad-Hoc|iPhone
		{28D111E9-F135-4804-851F-2F800E47A616}.Ad-Hoc|Any CPU.Deploy.0 = Ad-Hoc|iPhone
		{28D111E9-F135-4804-851F-2F800E47A616}.Ad-Hoc|ARM.ActiveCfg = Ad-Hoc|iPhone
		{28D111E9-F135-4804-851F-2F800E47A616}.Ad-Hoc|ARM.Build.0 = Ad-Hoc|iPhone
		{28D111E9-F135-4804-851F-2F800E47A616}.Ad-Hoc|ARM.Deploy.0 = Ad-Hoc|iPhone
		{28D111E9-F135-4804-851F-2F800E47A616}.Ad-Hoc|iPhone.ActiveCfg = Ad-Hoc|iPhone
		{28D111E9-F135-4804-851F-2F800E47A616}.Ad-Hoc|iPhone.Build.0 = Ad-Hoc|iPhone
		{28D111E9-F135-4804-851F-2F800E47A616}.Ad-Hoc|iPhone.Deploy.0 = Ad-Hoc|iPhone
		{28D111E9-F135-4804-851F-2F800E47A616}.Ad-Hoc|iPhoneSimulator.ActiveCfg = Ad-Hoc|iPhoneSimulator
		{28D111E9-F135-4804-851F-2F800E47A616}.Ad-Hoc|iPhoneSimulator.Build.0 = Ad-Hoc|iPhoneSimulator
		{28D111E9-F135-4804-851F-2F800E47A616}.Ad-Hoc|iPhoneSimulator.Deploy.0 = Ad-Hoc|iPhoneSimulator
		{28D111E9-F135-4804-851F-2F800E47A616}.Ad-Hoc|x64.ActiveCfg = Ad-Hoc|iPhone
		{28D111E9-F135-4804-851F-2F800E47A616}.Ad-Hoc|x64.Build.0 = Ad-Hoc|iPhone
		{28D111E9-F135-4804-851F-2F800E47A616}.Ad-Hoc|x64.Deploy.0 = Ad-Hoc|iPhone
		{28D111E9-F135-4804-851F-2F800E47A616}.Ad-Hoc|x86.ActiveCfg = Ad-Hoc|iPhone
		{28D111E9-F135-4804-851F-2F800E47A616}.Ad-Hoc|x86.Build.0 = Ad-Hoc|iPhone
		{28D111E9-F135-4804-851F-2F800E47A616}.Ad-Hoc|x86.Deploy.0 = Ad-Hoc|iPhone
		{28D111E9-F135-4804-851F-2F800E47A616}.AppStore|Any CPU.ActiveCfg = AppStore|iPhone
		{28D111E9-F135-4804-851F-2F800E47A616}.AppStore|Any CPU.Build.0 = AppStore|iPhone
		{28D111E9-F135-4804-851F-2F800E47A616}.AppStore|Any CPU.Deploy.0 = AppStore|iPhone
		{28D111E9-F135-4804-851F-2F800E47A616}.AppStore|ARM.ActiveCfg = AppStore|iPhone
		{28D111E9-F135-4804-851F-2F800E47A616}.AppStore|ARM.Build.0 = AppStore|iPhone
		{28D111E9-F135-4804-851F-2F800E47A616}.AppStore|ARM.Deploy.0 = AppStore|iPhone
		{28D111E9-F135-4804-851F-2F800E47A616}.AppStore|iPhone.ActiveCfg = AppStore|iPhone
		{28D111E9-F135-4804-851F-2F800E47A616}.AppStore|iPhone.Build.0 = AppStore|iPhone
		{28D111E9-F135-4804-851F-2F800E47A616}.AppStore|iPhone.Deploy.0 = AppStore|iPhone
		{28D111E9-F135-4804-851F-2F800E47A616}.AppStore|iPhoneSimulator.ActiveCfg = AppStore|iPhoneSimulator
		{28D111E9-F135-4804-851F-2F800E47A616}.AppStore|iPhoneSimulator.Build.0 = AppStore|iPhoneSimulator
		{28D111E9-F135-4804-851F-2F800E47A616}.AppStore|iPhoneSimulator.Deploy.0 = AppStore|iPhoneSimulator
		{28D111E9-F135-4804-851F-2F800E47A616}.AppStore|x64.ActiveCfg = AppStore|iPhone
		{28D111E9-F135-4804-851F-2F800E47A616}.AppStore|x64.Build.0 = AppStore|iPhone
		{28D111E9-F135-4804-851F-2F800E47A616}.AppStore|x64.Deploy.0 = AppStore|iPhone
		{28D111E9-F135-4804-851F-2F800E47A616}.AppStore|x86.ActiveCfg = AppStore|iPhone
		{28D111E9-F135-4804-851F-2F800E47A616}.AppStore|x86.Build.0 = AppStore|iPhone
		{28D111E9-F135-4804-851F-2F800E47A616}.AppStore|x86.Deploy.0 = AppStore|iPhone
		{28D111E9-F135-4804-851F-2F800E47A616}.Debug|Any CPU.ActiveCfg = Debug|iPhoneSimulator
		{28D111E9-F135-4804-851F-2F800E47A616}.Debug|Any CPU.Build.0 = Debug|iPhoneSimulator
		{28D111E9-F135-4804-851F-2F800E47A616}.Debug|Any CPU.Deploy.0 = Debug|iPhoneSimulator
		{28D111E9-F135-4804-851F-2F800E47A616}.Debug|ARM.ActiveCfg = Debug|iPhone
		{28D111E9-F135-4804-851F-2F800E47A616}.Debug|ARM.Build.0 = Debug|iPhone
		{28D111E9-F135-4804-851F-2F800E47A616}.Debug|ARM.Deploy.0 = Debug|iPhone
		{28D111E9-F135-4804-851F-2F800E47A616}.Debug|iPhone.ActiveCfg = Debug|iPhone
		{28D111E9-F135-4804-851F-2F800E47A616}.Debug|iPhone.Build.0 = Debug|iPhone
		{28D111E9-F135-4804-851F-2F800E47A616}.Debug|iPhone.Deploy.0 = Debug|iPhone
		{28D111E9-F135-4804-851F-2F800E47A616}.Debug|iPhoneSimulator.ActiveCfg = Debug|iPhoneSimulator
		{28D111E9-F135-4804-851F-2F800E47A616}.Debug|iPhoneSimulator.Build.0 = Debug|iPhoneSimulator
		{28D111E9-F135-4804-851F-2F800E47A616}.Debug|iPhoneSimulator.Deploy.0 = Debug|iPhoneSimulator
		{28D111E9-F135-4804-851F-2F800E47A616}.Debug|x64.ActiveCfg = Debug|iPhone
		{28D111E9-F135-4804-851F-2F800E47A616}.Debug|x64.Build.0 = Debug|iPhone
		{28D111E9-F135-4804-851F-2F800E47A616}.Debug|x64.Deploy.0 = Debug|iPhone
		{28D111E9-F135-4804-851F-2F800E47A616}.Debug|x86.ActiveCfg = Debug|iPhone
		{28D111E9-F135-4804-851F-2F800E47A616}.Debug|x86.Build.0 = Debug|iPhone
		{28D111E9-F135-4804-851F-2F800E47A616}.Debug|x86.Deploy.0 = Debug|iPhone
		{28D111E9-F135-4804-851F-2F800E47A616}.Release|Any CPU.ActiveCfg = Release|iPhone
		{28D111E9-F135-4804-851F-2F800E47A616}.Release|Any CPU.Build.0 = Release|iPhone
		{28D111E9-F135-4804-851F-2F800E47A616}.Release|Any CPU.Deploy.0 = Release|iPhone
		{28D111E9-F135-4804-851F-2F800E47A616}.Release|ARM.ActiveCfg = Release|iPhone
		{28D111E9-F135-4804-851F-2F800E47A616}.Release|ARM.Build.0 = Release|iPhone
		{28D111E9-F135-4804-851F-2F800E47A616}.Release|ARM.Deploy.0 = Release|iPhone
		{28D111E9-F135-4804-851F-2F800E47A616}.Release|iPhone.ActiveCfg = Release|iPhone
		{28D111E9-F135-4804-851F-2F800E47A616}.Release|iPhone.Build.0 = Release|iPhone
		{28D111E9-F135-4804-851F-2F800E47A616}.Release|iPhone.Deploy.0 = Release|iPhone
		{28D111E9-F135-4804-851F-2F800E47A616}.Release|iPhoneSimulator.ActiveCfg = Release|iPhoneSimulator
		{28D111E9-F135-4804-851F-2F800E47A616}.Release|iPhoneSimulator.Build.0 = Release|iPhoneSimulator
		{28D111E9-F135-4804-851F-2F800E47A616}.Release|iPhoneSimulator.Deploy.0 = Release|iPhoneSimulator
		{28D111E9-F135-4804-851F-2F800E47A616}.Release|x64.ActiveCfg = Release|iPhone
		{28D111E9-F135-4804-851F-2F800E47A616}.Release|x64.Build.0 = Release|iPhone
		{28D111E9-F135-4804-851F-2F800E47A616}.Release|x64.Deploy.0 = Release|iPhone
		{28D111E9-F135-4804-851F-2F800E47A616}.Release|x86.ActiveCfg = Release|iPhone
		{28D111E9-F135-4804-851F-2F800E47A616}.Release|x86.Build.0 = Release|iPhone
		{28D111E9-F135-4804-851F-2F800E47A616}.Release|x86.Deploy.0 = Release|iPhone
		{BAC90BAD-D4BC-46E6-B7F4-5C5A10EB6743}.Ad-Hoc|Any CPU.ActiveCfg = Release|x86
		{BAC90BAD-D4BC-46E6-B7F4-5C5A10EB6743}.Ad-Hoc|Any CPU.Build.0 = Release|x86
		{BAC90BAD-D4BC-46E6-B7F4-5C5A10EB6743}.Ad-Hoc|Any CPU.Deploy.0 = Release|x86
		{BAC90BAD-D4BC-46E6-B7F4-5C5A10EB6743}.Ad-Hoc|ARM.ActiveCfg = Release|ARM
		{BAC90BAD-D4BC-46E6-B7F4-5C5A10EB6743}.Ad-Hoc|ARM.Build.0 = Release|ARM
		{BAC90BAD-D4BC-46E6-B7F4-5C5A10EB6743}.Ad-Hoc|ARM.Deploy.0 = Release|ARM
		{BAC90BAD-D4BC-46E6-B7F4-5C5A10EB6743}.Ad-Hoc|iPhone.ActiveCfg = Release|x86
		{BAC90BAD-D4BC-46E6-B7F4-5C5A10EB6743}.Ad-Hoc|iPhone.Build.0 = Release|x86
		{BAC90BAD-D4BC-46E6-B7F4-5C5A10EB6743}.Ad-Hoc|iPhone.Deploy.0 = Release|x86
		{BAC90BAD-D4BC-46E6-B7F4-5C5A10EB6743}.Ad-Hoc|iPhoneSimulator.ActiveCfg = Release|x86
		{BAC90BAD-D4BC-46E6-B7F4-5C5A10EB6743}.Ad-Hoc|iPhoneSimulator.Build.0 = Release|x86
		{BAC90BAD-D4BC-46E6-B7F4-5C5A10EB6743}.Ad-Hoc|iPhoneSimulator.Deploy.0 = Release|x86
		{BAC90BAD-D4BC-46E6-B7F4-5C5A10EB6743}.Ad-Hoc|x64.ActiveCfg = Release|x64
		{BAC90BAD-D4BC-46E6-B7F4-5C5A10EB6743}.Ad-Hoc|x64.Build.0 = Release|x64
		{BAC90BAD-D4BC-46E6-B7F4-5C5A10EB6743}.Ad-Hoc|x64.Deploy.0 = Release|x64
		{BAC90BAD-D4BC-46E6-B7F4-5C5A10EB6743}.Ad-Hoc|x86.ActiveCfg = Release|x86
		{BAC90BAD-D4BC-46E6-B7F4-5C5A10EB6743}.Ad-Hoc|x86.Build.0 = Release|x86
		{BAC90BAD-D4BC-46E6-B7F4-5C5A10EB6743}.Ad-Hoc|x86.Deploy.0 = Release|x86
		{BAC90BAD-D4BC-46E6-B7F4-5C5A10EB6743}.AppStore|Any CPU.ActiveCfg = Release|x86
		{BAC90BAD-D4BC-46E6-B7F4-5C5A10EB6743}.AppStore|Any CPU.Build.0 = Release|x86
		{BAC90BAD-D4BC-46E6-B7F4-5C5A10EB6743}.AppStore|Any CPU.Deploy.0 = Release|x86
		{BAC90BAD-D4BC-46E6-B7F4-5C5A10EB6743}.AppStore|ARM.ActiveCfg = Release|ARM
		{BAC90BAD-D4BC-46E6-B7F4-5C5A10EB6743}.AppStore|ARM.Build.0 = Release|ARM
		{BAC90BAD-D4BC-46E6-B7F4-5C5A10EB6743}.AppStore|ARM.Deploy.0 = Release|ARM
		{BAC90BAD-D4BC-46E6-B7F4-5C5A10EB6743}.AppStore|iPhone.ActiveCfg = Release|x86
		{BAC90BAD-D4BC-46E6-B7F4-5C5A10EB6743}.AppStore|iPhone.Build.0 = Release|x86
		{BAC90BAD-D4BC-46E6-B7F4-5C5A10EB6743}.AppStore|iPhone.Deploy.0 = Release|x86
		{BAC90BAD-D4BC-46E6-B7F4-5C5A10EB6743}.AppStore|iPhoneSimulator.ActiveCfg = Release|x86
		{BAC90BAD-D4BC-46E6-B7F4-5C5A10EB6743}.AppStore|iPhoneSimulator.Build.0 = Release|x86
		{BAC90BAD-D4BC-46E6-B7F4-5C5A10EB6743}.AppStore|iPhoneSimulator.Deploy.0 = Release|x86
		{BAC90BAD-D4BC-46E6-B7F4-5C5A10EB6743}.AppStore|x64.ActiveCfg = Release|x64
		{BAC90BAD-D4BC-46E6-B7F4-5C5A10EB6743}.AppStore|x64.Build.0 = Release|x64
		{BAC90BAD-D4BC-46E6-B7F4-5C5A10EB6743}.AppStore|x64.Deploy.0 = Release|x64
		{BAC90BAD-D4BC-46E6-B7F4-5C5A10EB6743}.AppStore|x86.ActiveCfg = Release|x86
		{BAC90BAD-D4BC-46E6-B7F4-5C5A10EB6743}.AppStore|x86.Build.0 = Release|x86
		{BAC90BAD-D4BC-46E6-B7F4-5C5A10EB6743}.AppStore|x86.Deploy.0 = Release|x86
		{BAC90BAD-D4BC-46E6-B7F4-5C5A10EB6743}.Debug|Any CPU.ActiveCfg = Debug|x86
		{BAC90BAD-D4BC-46E6-B7F4-5C5A10EB6743}.Debug|Any CPU.Build.0 = Debug|x86
		{BAC90BAD-D4BC-46E6-B7F4-5C5A10EB6743}.Debug|Any CPU.Deploy.0 = Debug|x86
		{BAC90BAD-D4BC-46E6-B7F4-5C5A10EB6743}.Debug|ARM.ActiveCfg = Debug|ARM
		{BAC90BAD-D4BC-46E6-B7F4-5C5A10EB6743}.Debug|ARM.Build.0 = Debug|ARM
		{BAC90BAD-D4BC-46E6-B7F4-5C5A10EB6743}.Debug|ARM.Deploy.0 = Debug|ARM
		{BAC90BAD-D4BC-46E6-B7F4-5C5A10EB6743}.Debug|iPhone.ActiveCfg = Debug|x86
		{BAC90BAD-D4BC-46E6-B7F4-5C5A10EB6743}.Debug|iPhone.Build.0 = Debug|x86
		{BAC90BAD-D4BC-46E6-B7F4-5C5A10EB6743}.Debug|iPhone.Deploy.0 = Debug|x86
		{BAC90BAD-D4BC-46E6-B7F4-5C5A10EB6743}.Debug|iPhoneSimulator.ActiveCfg = Debug|x86
		{BAC90BAD-D4BC-46E6-B7F4-5C5A10EB6743}.Debug|iPhoneSimulator.Build.0 = Debug|x86
		{BAC90BAD-D4BC-46E6-B7F4-5C5A10EB6743}.Debug|iPhoneSimulator.Deploy.0 = Debug|x86
		{BAC90BAD-D4BC-46E6-B7F4-5C5A10EB6743}.Debug|x64.ActiveCfg = Debug|x64
		{BAC90BAD-D4BC-46E6-B7F4-5C5A10EB6743}.Debug|x64.Build.0 = Debug|x64
		{BAC90BAD-D4BC-46E6-B7F4-5C5A10EB6743}.Debug|x64.Deploy.0 = Debug|x64
		{BAC90BAD-D4BC-46E6-B7F4-5C5A10EB6743}.Debug|x86.ActiveCfg = Debug|x86
		{BAC90BAD-D4BC-46E6-B7F4-5C5A10EB6743}.Debug|x86.Build.0 = Debug|x86
		{BAC90BAD-D4BC-46E6-B7F4-5C5A10EB6743}.Debug|x86.Deploy.0 = Debug|x86
		{BAC90BAD-D4BC-46E6-B7F4-5C5A10EB6743}.Release|Any CPU.ActiveCfg = Release|x86
		{BAC90BAD-D4BC-46E6-B7F4-5C5A10EB6743}.Release|Any CPU.Build.0 = Release|x86
		{BAC90BAD-D4BC-46E6-B7F4-5C5A10EB6743}.Release|Any CPU.Deploy.0 = Release|x86
		{BAC90BAD-D4BC-46E6-B7F4-5C5A10EB6743}.Release|ARM.ActiveCfg = Release|ARM
		{BAC90BAD-D4BC-46E6-B7F4-5C5A10EB6743}.Release|ARM.Build.0 = Release|ARM
		{BAC90BAD-D4BC-46E6-B7F4-5C5A10EB6743}.Release|ARM.Deploy.0 = Release|ARM
		{BAC90BAD-D4BC-46E6-B7F4-5C5A10EB6743}.Release|iPhone.ActiveCfg = Release|x86
		{BAC90BAD-D4BC-46E6-B7F4-5C5A10EB6743}.Release|iPhone.Build.0 = Release|x86
		{BAC90BAD-D4BC-46E6-B7F4-5C5A10EB6743}.Release|iPhone.Deploy.0 = Release|x86
		{BAC90BAD-D4BC-46E6-B7F4-5C5A10EB6743}.Release|iPhoneSimulator.ActiveCfg = Release|x86
		{BAC90BAD-D4BC-46E6-B7F4-5C5A10EB6743}.Release|iPhoneSimulator.Build.0 = Release|x86
		{BAC90BAD-D4BC-46E6-B7F4-5C5A10EB6743}.Release|iPhoneSimulator.Deploy.0 = Release|x86
		{BAC90BAD-D4BC-46E6-B7F4-5C5A10EB6743}.Release|x64.ActiveCfg = Release|x64
		{BAC90BAD-D4BC-46E6-B7F4-5C5A10EB6743}.Release|x64.Build.0 = Release|x64
		{BAC90BAD-D4BC-46E6-B7F4-5C5A10EB6743}.Release|x64.Deploy.0 = Release|x64
		{BAC90BAD-D4BC-46E6-B7F4-5C5A10EB6743}.Release|x86.ActiveCfg = Release|x86
		{BAC90BAD-D4BC-46E6-B7F4-5C5A10EB6743}.Release|x86.Build.0 = Release|x86
		{BAC90BAD-D4BC-46E6-B7F4-5C5A10EB6743}.Release|x86.Deploy.0 = Release|x86
		{8AAB9494-981A-41F5-BB83-6D192533C3EC}.Ad-Hoc|Any CPU.ActiveCfg = Debug|Any CPU
		{8AAB9494-981A-41F5-BB83-6D192533C3EC}.Ad-Hoc|Any CPU.Build.0 = Debug|Any CPU
		{8AAB9494-981A-41F5-BB83-6D192533C3EC}.Ad-Hoc|Any CPU.Deploy.0 = Debug|Any CPU
		{8AAB9494-981A-41F5-BB83-6D192533C3EC}.Ad-Hoc|ARM.ActiveCfg = Debug|Any CPU
		{8AAB9494-981A-41F5-BB83-6D192533C3EC}.Ad-Hoc|ARM.Build.0 = Debug|Any CPU
		{8AAB9494-981A-41F5-BB83-6D192533C3EC}.Ad-Hoc|ARM.Deploy.0 = Debug|Any CPU
		{8AAB9494-981A-41F5-BB83-6D192533C3EC}.Ad-Hoc|iPhone.ActiveCfg = Debug|Any CPU
		{8AAB9494-981A-41F5-BB83-6D192533C3EC}.Ad-Hoc|iPhone.Build.0 = Debug|Any CPU
		{8AAB9494-981A-41F5-BB83-6D192533C3EC}.Ad-Hoc|iPhone.Deploy.0 = Debug|Any CPU
		{8AAB9494-981A-41F5-BB83-6D192533C3EC}.Ad-Hoc|iPhoneSimulator.ActiveCfg = Debug|Any CPU
		{8AAB9494-981A-41F5-BB83-6D192533C3EC}.Ad-Hoc|iPhoneSimulator.Build.0 = Debug|Any CPU
		{8AAB9494-981A-41F5-BB83-6D192533C3EC}.Ad-Hoc|iPhoneSimulator.Deploy.0 = Debug|Any CPU
		{8AAB9494-981A-41F5-BB83-6D192533C3EC}.Ad-Hoc|x64.ActiveCfg = Debug|Any CPU
		{8AAB9494-981A-41F5-BB83-6D192533C3EC}.Ad-Hoc|x64.Build.0 = Debug|Any CPU
		{8AAB9494-981A-41F5-BB83-6D192533C3EC}.Ad-Hoc|x64.Deploy.0 = Debug|Any CPU
		{8AAB9494-981A-41F5-BB83-6D192533C3EC}.Ad-Hoc|x86.ActiveCfg = Debug|Any CPU
		{8AAB9494-981A-41F5-BB83-6D192533C3EC}.Ad-Hoc|x86.Build.0 = Debug|Any CPU
		{8AAB9494-981A-41F5-BB83-6D192533C3EC}.Ad-Hoc|x86.Deploy.0 = Debug|Any CPU
		{8AAB9494-981A-41F5-BB83-6D192533C3EC}.AppStore|Any CPU.ActiveCfg = Debug|Any CPU
		{8AAB9494-981A-41F5-BB83-6D192533C3EC}.AppStore|Any CPU.Build.0 = Debug|Any CPU
		{8AAB9494-981A-41F5-BB83-6D192533C3EC}.AppStore|Any CPU.Deploy.0 = Debug|Any CPU
		{8AAB9494-981A-41F5-BB83-6D192533C3EC}.AppStore|ARM.ActiveCfg = Debug|Any CPU
		{8AAB9494-981A-41F5-BB83-6D192533C3EC}.AppStore|ARM.Build.0 = Debug|Any CPU
		{8AAB9494-981A-41F5-BB83-6D192533C3EC}.AppStore|ARM.Deploy.0 = Debug|Any CPU
		{8AAB9494-981A-41F5-BB83-6D192533C3EC}.AppStore|iPhone.ActiveCfg = Debug|Any CPU
		{8AAB9494-981A-41F5-BB83-6D192533C3EC}.AppStore|iPhone.Build.0 = Debug|Any CPU
		{8AAB9494-981A-41F5-BB83-6D192533C3EC}.AppStore|iPhone.Deploy.0 = Debug|Any CPU
		{8AAB9494-981A-41F5-BB83-6D192533C3EC}.AppStore|iPhoneSimulator.ActiveCfg = Debug|Any CPU
		{8AAB9494-981A-41F5-BB83-6D192533C3EC}.AppStore|iPhoneSimulator.Build.0 = Debug|Any CPU
		{8AAB9494-981A-41F5-BB83-6D192533C3EC}.AppStore|iPhoneSimulator.Deploy.0 = Debug|Any CPU
		{8AAB9494-981A-41F5-BB83-6D192533C3EC}.AppStore|x64.ActiveCfg = Debug|Any CPU
		{8AAB9494-981A-41F5-BB83-6D192533C3EC}.AppStore|x64.Build.0 = Debug|Any CPU
		{8AAB9494-981A-41F5-BB83-6D192533C3EC}.AppStore|x64.Deploy.0 = Debug|Any CPU
		{8AAB9494-981A-41F5-BB83-6D192533C3EC}.AppStore|x86.ActiveCfg = Debug|Any CPU
		{8AAB9494-981A-41F5-BB83-6D192533C3EC}.AppStore|x86.Build.0 = Debug|Any CPU
		{8AAB9494-981A-41F5-BB83-6D192533C3EC}.AppStore|x86.Deploy.0 = Debug|Any CPU
		{8AAB9494-981A-41F5-BB83-6D192533C3EC}.Debug|Any CPU.ActiveCfg = Debug|Any CPU
		{8AAB9494-981A-41F5-BB83-6D192533C3EC}.Debug|Any CPU.Build.0 = Debug|Any CPU
		{8AAB9494-981A-41F5-BB83-6D192533C3EC}.Debug|Any CPU.Deploy.0 = Debug|Any CPU
		{8AAB9494-981A-41F5-BB83-6D192533C3EC}.Debug|ARM.ActiveCfg = Debug|Any CPU
		{8AAB9494-981A-41F5-BB83-6D192533C3EC}.Debug|ARM.Build.0 = Debug|Any CPU
		{8AAB9494-981A-41F5-BB83-6D192533C3EC}.Debug|ARM.Deploy.0 = Debug|Any CPU
		{8AAB9494-981A-41F5-BB83-6D192533C3EC}.Debug|iPhone.ActiveCfg = Debug|Any CPU
		{8AAB9494-981A-41F5-BB83-6D192533C3EC}.Debug|iPhone.Build.0 = Debug|Any CPU
		{8AAB9494-981A-41F5-BB83-6D192533C3EC}.Debug|iPhone.Deploy.0 = Debug|Any CPU
		{8AAB9494-981A-41F5-BB83-6D192533C3EC}.Debug|iPhoneSimulator.ActiveCfg = Debug|Any CPU
		{8AAB9494-981A-41F5-BB83-6D192533C3EC}.Debug|iPhoneSimulator.Build.0 = Debug|Any CPU
		{8AAB9494-981A-41F5-BB83-6D192533C3EC}.Debug|iPhoneSimulator.Deploy.0 = Debug|Any CPU
		{8AAB9494-981A-41F5-BB83-6D192533C3EC}.Debug|x64.ActiveCfg = Debug|Any CPU
		{8AAB9494-981A-41F5-BB83-6D192533C3EC}.Debug|x64.Build.0 = Debug|Any CPU
		{8AAB9494-981A-41F5-BB83-6D192533C3EC}.Debug|x64.Deploy.0 = Debug|Any CPU
		{8AAB9494-981A-41F5-BB83-6D192533C3EC}.Debug|x86.ActiveCfg = Debug|Any CPU
		{8AAB9494-981A-41F5-BB83-6D192533C3EC}.Debug|x86.Build.0 = Debug|Any CPU
		{8AAB9494-981A-41F5-BB83-6D192533C3EC}.Debug|x86.Deploy.0 = Debug|Any CPU
		{8AAB9494-981A-41F5-BB83-6D192533C3EC}.Release|Any CPU.ActiveCfg = Release|Any CPU
		{8AAB9494-981A-41F5-BB83-6D192533C3EC}.Release|Any CPU.Build.0 = Release|Any CPU
		{8AAB9494-981A-41F5-BB83-6D192533C3EC}.Release|Any CPU.Deploy.0 = Release|Any CPU
		{8AAB9494-981A-41F5-BB83-6D192533C3EC}.Release|ARM.ActiveCfg = Release|Any CPU
		{8AAB9494-981A-41F5-BB83-6D192533C3EC}.Release|ARM.Build.0 = Release|Any CPU
		{8AAB9494-981A-41F5-BB83-6D192533C3EC}.Release|ARM.Deploy.0 = Release|Any CPU
		{8AAB9494-981A-41F5-BB83-6D192533C3EC}.Release|iPhone.ActiveCfg = Release|Any CPU
		{8AAB9494-981A-41F5-BB83-6D192533C3EC}.Release|iPhone.Build.0 = Release|Any CPU
		{8AAB9494-981A-41F5-BB83-6D192533C3EC}.Release|iPhone.Deploy.0 = Release|Any CPU
		{8AAB9494-981A-41F5-BB83-6D192533C3EC}.Release|iPhoneSimulator.ActiveCfg = Release|Any CPU
		{8AAB9494-981A-41F5-BB83-6D192533C3EC}.Release|iPhoneSimulator.Build.0 = Release|Any CPU
		{8AAB9494-981A-41F5-BB83-6D192533C3EC}.Release|iPhoneSimulator.Deploy.0 = Release|Any CPU
		{8AAB9494-981A-41F5-BB83-6D192533C3EC}.Release|x64.ActiveCfg = Release|Any CPU
		{8AAB9494-981A-41F5-BB83-6D192533C3EC}.Release|x64.Build.0 = Release|Any CPU
		{8AAB9494-981A-41F5-BB83-6D192533C3EC}.Release|x64.Deploy.0 = Release|Any CPU
		{8AAB9494-981A-41F5-BB83-6D192533C3EC}.Release|x86.ActiveCfg = Release|Any CPU
		{8AAB9494-981A-41F5-BB83-6D192533C3EC}.Release|x86.Build.0 = Release|Any CPU
		{8AAB9494-981A-41F5-BB83-6D192533C3EC}.Release|x86.Deploy.0 = Release|Any CPU
	EndGlobalSection
	GlobalSection(SolutionProperties) = preSolution
		HideSolutionNode = FALSE
	EndGlobalSection
	GlobalSection(ExtensibilityGlobals) = postSolution
		SolutionGuid = {4E2D685B-27B1-4ED4-8620-B16A9025B60E}
	EndGlobalSection
EndGlobal
